lockfileVersion: '9.0'

settings:
  autoInstallPeers: true
  excludeLinksFromLockfile: false

importers:

  .:
    devDependencies:
      '@types/node':
        specifier: 16.x
        version: 16.18.126
      '@types/vscode':
        specifier: ^1.74.0
        version: 1.104.0
      prettier:
        specifier: ^3.6.2
        version: 3.6.2
      typescript:
        specifier: ^4.9.4
        version: 4.9.5

packages:

  '@types/node@16.18.126':
    resolution: {integrity: sha512-OTcgaiwfGFBKacvfwuHzzn1KLxH/er8mluiy8/uM3sGXHaRe73RrSIj01jow9t4kJEW633Ov+cOexXeiApTyAw==}

  '@types/vscode@1.104.0':
    resolution: {integrity: sha512-0KwoU2rZ2ecsTGFxo4K1+f+AErRsYW0fsp6A0zufzGuhyczc2IoKqYqcwXidKXmy2u8YB2GsYsOtiI9Izx3Tig==}

  prettier@3.6.2:
    resolution: {integrity: sha512-I7AIg5boAr5R0FFtJ6rCfD+LFsWHp81dolrFD8S79U9tb8Az2nGrJncnMSnys+bpQJfRUzqs9hnA81OAA3hCuQ==}
    engines: {node: '>=14'}
    hasBin: true

  typescript@4.9.5:
    resolution: {integrity: sha512-1FXk9E2Hm+QzZQ7z+McJiHL4NW1F2EzMu9Nq9i3zAaGqibafqYwCVU6WyWAuyQRRzOlxou8xZSyXLEN8oKj24g==}
    engines: {node: '>=4.2.0'}
    hasBin: true

snapshots:

  '@types/node@16.18.126': {}

  '@types/vscode@1.104.0': {}

  prettier@3.6.2: {}

  typescript@4.9.5: {}
